
Microsoft Visual Studio Solution File, Format Version 12.00
# Visual Studio Version 17
VisualStudioVersion = 17.6.33712.159
MinimumVisualStudioVersion = 10.0.40219.1
Project("{FAE04EC0-301F-11D3-BF4B-00C04F79EFBC}") = "VitaMote", "VitaMote\VitaMote.csproj", "{6AB9AB35-E80F-4351-8266-CBCD0C3A4534}"
EndProject
Global
	GlobalSection(SolutionConfigurationPlatforms) = preSolution
		Debug|Any CPU = Debug|Any CPU
		Release|Any CPU = Release|Any CPU
	EndGlobalSection
	GlobalSection(ProjectConfigurationPlatforms) = postSolution
		{6AB9AB35-E80F-4351-8266-CBCD0C3A4534}.Debug|Any CPU.ActiveCfg = Debug|Any CPU
		{6AB9AB35-E80F-4351-8266-CBCD0C3A4534}.Debug|Any CPU.Build.0 = Debug|Any CPU
		{6AB9AB35-E80F-4351-8266-CBCD0C3A4534}.Debug|Any CPU.Deploy.0 = Debug|Any CPU
		{6AB9AB35-E80F-4351-8266-CBCD0C3A4534}.Release|Any CPU.ActiveCfg = Release|Any CPU
		{6AB9AB35-E80F-4351-8266-CBCD0C3A4534}.Release|Any CPU.Build.0 = Release|Any CPU
		{6AB9AB35-E80F-4351-8266-CBCD0C3A4534}.Release|Any CPU.Deploy.0 = Release|Any CPU
	EndGlobalSection
	GlobalSection(SolutionProperties) = preSolution
		HideSolutionNode = FALSE
	EndGlobalSection
	GlobalSection(ExtensibilityGlobals) = postSolution
		SolutionGuid = {E58957A7-393B-445F-A07D-B240E0CC4243}
	EndGlobalSection
EndGlobal
